
Microsoft Visual Studio Solution File, Format Version 12.00
# Visual Studio Version 17
VisualStudioVersion = 17.11.35303.130
MinimumVisualStudioVersion = 10.0.40219.1
Project("{9A19103F-16F7-4668-BE54-9A1E7A4F7556}") = "web", "web.csproj", "{C5B45327-839E-433C-8D5E-B87DD705C6E3}"
EndProject
Global
	GlobalSection(SolutionConfigurationPlatforms) = preSolution
		Debug|Any CPU = Debug|Any CPU
		Release|Any CPU = Release|Any CPU
	EndGlobalSection
	GlobalSection(ProjectConfigurationPlatforms) = postSolution
		{C5B45327-839E-433C-8D5E-B87DD705C6E3}.Debug|Any CPU.ActiveCfg = Debug|Any CPU
		{C5B45327-839E-433C-8D5E-B87DD705C6E3}.Debug|Any CPU.Build.0 = Debug|Any CPU
		{C5B45327-839E-433C-8D5E-B87DD705C6E3}.Release|Any CPU.ActiveCfg = Release|Any CPU
		{C5B45327-839E-433C-8D5E-B87DD705C6E3}.Release|Any CPU.Build.0 = Release|Any CPU
	EndGlobalSection
	GlobalSection(SolutionProperties) = preSolution
		HideSolutionNode = FALSE
	EndGlobalSection
	GlobalSection(ExtensibilityGlobals) = postSolution
		SolutionGuid = {642744EB-34A2-4673-9509-B699FE166573}
	EndGlobalSection
EndGlobal
